// !$*UTF8*$!
{
	archiveVersion = 1;
	classes = {
	};
	objectVersion = 56;
	objects = {

/* Begin PBXBuildFile section */
		27B4043829D480A5004FE4A0 /* iDinePracticeApp.swift in Sources */ = {isa = PBXBuildFile; fileRef = 27B4043729D480A5004FE4A0 /* iDinePracticeApp.swift */; };
		27B4043A29D480A5004FE4A0 /* ContentView.swift in Sources */ = {isa = PBXBuildFile; fileRef = 27B4043929D480A5004FE4A0 /* ContentView.swift */; };
		27B4043C29D480A6004FE4A0 /* Assets.xcassets in Resources */ = {isa = PBXBuildFile; fileRef = 27B4043B29D480A6004FE4A0 /* Assets.xcassets */; };
		27B4043F29D480A6004FE4A0 /* Preview Assets.xcassets in Resources */ = {isa = PBXBuildFile; fileRef = 27B4043E29D480A6004FE4A0 /* Preview Assets.xcassets */; };
		27B4044929D480A6004FE4A0 /* iDinePracticeTests.swift in Sources */ = {isa = PBXBuildFile; fileRef = 27B4044829D480A6004FE4A0 /* iDinePracticeTests.swift */; };
		27B4045329D480A6004FE4A0 /* iDinePracticeUITests.swift in Sources */ = {isa = PBXBuildFile; fileRef = 27B4045229D480A6004FE4A0 /* iDinePracticeUITests.swift */; };
		27B4045529D480A6004FE4A0 /* iDinePracticeUITestsLaunchTests.swift in Sources */ = {isa = PBXBuildFile; fileRef = 27B4045429D480A6004FE4A0 /* iDinePracticeUITestsLaunchTests.swift */; };
		27B4046229D48114004FE4A0 /* Helper.swift in Sources */ = {isa = PBXBuildFile; fileRef = 27B4046129D48113004FE4A0 /* Helper.swift */; };
		27B4046629D48129004FE4A0 /* Order.swift in Sources */ = {isa = PBXBuildFile; fileRef = 27B4046329D48129004FE4A0 /* Order.swift */; };
		27B4046729D48129004FE4A0 /* menu.json in Resources */ = {isa = PBXBuildFile; fileRef = 27B4046429D48129004FE4A0 /* menu.json */; };
		27B4046829D48129004FE4A0 /* Menu.swift in Sources */ = {isa = PBXBuildFile; fileRef = 27B4046529D48129004FE4A0 /* Menu.swift */; };
/* End PBXBuildFile section */

/* Begin PBXContainerItemProxy section */
		27B4044529D480A6004FE4A0 /* PBXContainerItemProxy */ = {
			isa = PBXContainerItemProxy;
			containerPortal = 27B4042C29D480A5004FE4A0 /* Project object */;
			proxyType = 1;
			remoteGlobalIDString = 27B4043329D480A5004FE4A0;
			remoteInfo = iDinePractice;
		};
		27B4044F29D480A6004FE4A0 /* PBXContainerItemProxy */ = {
			isa = PBXContainerItemProxy;
			containerPortal = 27B4042C29D480A5004FE4A0 /* Project object */;
			proxyType = 1;
			remoteGlobalIDString = 27B4043329D480A5004FE4A0;
			remoteInfo = iDinePractice;
		};
/* End PBXContainerItemProxy section */

/* Begin PBXFileReference section */
		27B4043429D480A5004FE4A0 /* iDinePractice.app */ = {isa = PBXFileReference; explicitFileType = wrapper.application; includeInIndex = 0; path = iDinePractice.app; sourceTree = BUILT_PRODUCTS_DIR; };
		27B4043729D480A5004FE4A0 /* iDinePracticeApp.swift */ = {isa = PBXFileReference; lastKnownFileType = sourcecode.swift; path = iDinePracticeApp.swift; sourceTree = "<group>"; };
		27B4043929D480A5004FE4A0 /* ContentView.swift */ = {isa = PBXFileReference; lastKnownFileType = sourcecode.swift; path = ContentView.swift; sourceTree = "<group>"; };
		27B4043B29D480A6004FE4A0 /* Assets.xcassets */ = {isa = PBXFileReference; lastKnownFileType = folder.assetcatalog; path = Assets.xcassets; sourceTree = "<group>"; };
		27B4043E29D480A6004FE4A0 /* Preview Assets.xcassets */ = {isa = PBXFileReference; lastKnownFileType = folder.assetcatalog; path = "Preview Assets.xcassets"; sourceTree = "<group>"; };
		27B4044429D480A6004FE4A0 /* iDinePracticeTests.xctest */ = {isa = PBXFileReference; explicitFileType = wrapper.cfbundle; includeInIndex = 0; path = iDinePracticeTests.xctest; sourceTree = BUILT_PRODUCTS_DIR; };
		27B4044829D480A6004FE4A0 /* iDinePracticeTests.swift */ = {isa = PBXFileReference; lastKnownFileType = sourcecode.swift; path = iDinePracticeTests.swift; sourceTree = "<group>"; };
		27B4044E29D480A6004FE4A0 /* iDinePracticeUITests.xctest */ = {isa = PBXFileReference; explicitFileType = wrapper.cfbundle; includeInIndex = 0; path = iDinePracticeUITests.xctest; sourceTree = BUILT_PRODUCTS_DIR; };
		27B4045229D480A6004FE4A0 /* iDinePracticeUITests.swift */ = {isa = PBXFileReference; lastKnownFileType = sourcecode.swift; path = iDinePracticeUITests.swift; sourceTree = "<group>"; };
		27B4045429D480A6004FE4A0 /* iDinePracticeUITestsLaunchTests.swift */ = {isa = PBXFileReference; lastKnownFileType = sourcecode.swift; path = iDinePracticeUITestsLaunchTests.swift; sourceTree = "<group>"; };
		27B4046129D48113004FE4A0 /* Helper.swift */ = {isa = PBXFileReference; fileEncoding = 4; lastKnownFileType = sourcecode.swift; path = Helper.swift; sourceTree = "<group>"; };
		27B4046329D48129004FE4A0 /* Order.swift */ = {isa = PBXFileReference; fileEncoding = 4; lastKnownFileType = sourcecode.swift; path = Order.swift; sourceTree = "<group>"; };
		27B4046429D48129004FE4A0 /* menu.json */ = {isa = PBXFileReference; fileEncoding = 4; lastKnownFileType = text.json; path = menu.json; sourceTree = "<group>"; };
		27B4046529D48129004FE4A0 /* Menu.swift */ = {isa = PBXFileReference; fileEncoding = 4; lastKnownFileType = sourcecode.swift; path = Menu.swift; sourceTree = "<group>"; };
/* End PBXFileReference section */

/* Begin PBXFrameworksBuildPhase section */
		27B4043129D480A5004FE4A0 /* Frameworks */ = {
			isa = PBXFrameworksBuildPhase;
			buildActionMask = 2147483647;
			files = (
			);
			runOnlyForDeploymentPostprocessing = 0;
		};
		27B4044129D480A6004FE4A0 /* Frameworks */ = {
			isa = PBXFrameworksBuildPhase;
			buildActionMask = 2147483647;
			files = (
			);
			runOnlyForDeploymentPostprocessing = 0;
		};
		27B4044B29D480A6004FE4A0 /* Frameworks */ = {
			isa = PBXFrameworksBuildPhase;
			buildActionMask = 2147483647;
			files = (
			);
			runOnlyForDeploymentPostprocessing = 0;
		};
/* End PBXFrameworksBuildPhase section */

/* Begin PBXGroup section */
		2702E52229DB0FDD0070B284 /* Helpers */ = {
			isa = PBXGroup;
			children = (
				27B4046129D48113004FE4A0 /* Helper.swift */,
			);
			path = Helpers;
			sourceTree = "<group>";
		};
		27B4042B29D480A5004FE4A0 = {
			isa = PBXGroup;
			children = (
				27B4043629D480A5004FE4A0 /* iDinePractice */,
				27B4044729D480A6004FE4A0 /* iDinePracticeTests */,
				27B4045129D480A6004FE4A0 /* iDinePracticeUITests */,
				27B4043529D480A5004FE4A0 /* Products */,
			);
			sourceTree = "<group>";
		};
		27B4043529D480A5004FE4A0 /* Products */ = {
			isa = PBXGroup;
			children = (
				27B4043429D480A5004FE4A0 /* iDinePractice.app */,
				27B4044429D480A6004FE4A0 /* iDinePracticeTests.xctest */,
				27B4044E29D480A6004FE4A0 /* iDinePracticeUITests.xctest */,
			);
			name = Products;
			sourceTree = "<group>";
		};
		27B4043629D480A5004FE4A0 /* iDinePractice */ = {
			isa = PBXGroup;
			children = (
				27B4043729D480A5004FE4A0 /* iDinePracticeApp.swift */,
				27B4043929D480A5004FE4A0 /* ContentView.swift */,
				27B4046529D48129004FE4A0 /* Menu.swift */,
				27B4046329D48129004FE4A0 /* Order.swift */,
				2702E52229DB0FDD0070B284 /* Helpers */,
				27B4046429D48129004FE4A0 /* menu.json */,
				27B4043B29D480A6004FE4A0 /* Assets.xcassets */,
				27B4043D29D480A6004FE4A0 /* Preview Content */,
			);
			path = iDinePractice;
			sourceTree = "<group>";
		};
		27B4043D29D480A6004FE4A0 /* Preview Content */ = {
			isa = PBXGroup;
			children = (
				27B4043E29D480A6004FE4A0 /* Preview Assets.xcassets */,
			);
			path = "Preview Content";
			sourceTree = "<group>";
		};
		27B4044729D480A6004FE4A0 /* iDinePracticeTests */ = {
			isa = PBXGroup;
			children = (
				27B4044829D480A6004FE4A0 /* iDinePracticeTests.swift */,
			);
			path = iDinePracticeTests;
			sourceTree = "<group>";
		};
		27B4045129D480A6004FE4A0 /* iDinePracticeUITests */ = {
			isa = PBXGroup;
			children = (
				27B4045229D480A6004FE4A0 /* iDinePracticeUITests.swift */,
				27B4045429D480A6004FE4A0 /* iDinePracticeUITestsLaunchTests.swift */,
			);
			path = iDinePracticeUITests;
			sourceTree = "<group>";
		};
/* End PBXGroup section */

/* Begin PBXNativeTarget section */
		27B4043329D480A5004FE4A0 /* iDinePractice */ = {
			isa = PBXNativeTarget;
			buildConfigurationList = 27B4045829D480A6004FE4A0 /* Build configuration list for PBXNativeTarget "iDinePractice" */;
			buildPhases = (
				27B4043029D480A5004FE4A0 /* Sources */,
				27B4043129D480A5004FE4A0 /* Frameworks */,
				27B4043229D480A5004FE4A0 /* Resources */,
			);
			buildRules = (
			);
			dependencies = (
			);
			name = iDinePractice;
			productName = iDinePractice;
			productReference = 27B4043429D480A5004FE4A0 /* iDinePractice.app */;
			productType = "com.apple.product-type.application";
		};
		27B4044329D480A6004FE4A0 /* iDinePracticeTests */ = {
			isa = PBXNativeTarget;
			buildConfigurationList = 27B4045B29D480A6004FE4A0 /* Build configuration list for PBXNativeTarget "iDinePracticeTests" */;
			buildPhases = (
				27B4044029D480A6004FE4A0 /* Sources */,
				27B4044129D480A6004FE4A0 /* Frameworks */,
				27B4044229D480A6004FE4A0 /* Resources */,
			);
			buildRules = (
			);
			dependencies = (
				27B4044629D480A6004FE4A0 /* PBXTargetDependency */,
			);
			name = iDinePracticeTests;
			productName = iDinePracticeTests;
			productReference = 27B4044429D480A6004FE4A0 /* iDinePracticeTests.xctest */;
			productType = "com.apple.product-type.bundle.unit-test";
		};
		27B4044D29D480A6004FE4A0 /* iDinePracticeUITests */ = {
			isa = PBXNativeTarget;
			buildConfigurationList = 27B4045E29D480A6004FE4A0 /* Build configuration list for PBXNativeTarget "iDinePracticeUITests" */;
			buildPhases = (
				27B4044A29D480A6004FE4A0 /* Sources */,
				27B4044B29D480A6004FE4A0 /* Frameworks */,
				27B4044C29D480A6004FE4A0 /* Resources */,
			);
			buildRules = (
			);
			dependencies = (
				27B4045029D480A6004FE4A0 /* PBXTargetDependency */,
			);
			name = iDinePracticeUITests;
			productName = iDinePracticeUITests;
			productReference = 27B4044E29D480A6004FE4A0 /* iDinePracticeUITests.xctest */;
			productType = "com.apple.product-type.bundle.ui-testing";
		};
/* End PBXNativeTarget section */

/* Begin PBXProject section */
		27B4042C29D480A5004FE4A0 /* Project object */ = {
			isa = PBXProject;
			attributes = {
				BuildIndependentTargetsInParallel = 1;
				LastSwiftUpdateCheck = 1420;
				LastUpgradeCheck = 1420;
				TargetAttributes = {
					27B4043329D480A5004FE4A0 = {
						CreatedOnToolsVersion = 14.2;
					};
					27B4044329D480A6004FE4A0 = {
						CreatedOnToolsVersion = 14.2;
						TestTargetID = 27B4043329D480A5004FE4A0;
					};
					27B4044D29D480A6004FE4A0 = {
						CreatedOnToolsVersion = 14.2;
						TestTargetID = 27B4043329D480A5004FE4A0;
					};
				};
			};
			buildConfigurationList = 27B4042F29D480A5004FE4A0 /* Build configuration list for PBXProject "iDinePractice" */;
			compatibilityVersion = "Xcode 14.0";
			developmentRegion = en;
			hasScannedForEncodings = 0;
			knownRegions = (
				en,
				Base,
			);
			mainGroup = 27B4042B29D480A5004FE4A0;
			productRefGroup = 27B4043529D480A5004FE4A0 /* Products */;
			projectDirPath = "";
			projectRoot = "";
			targets = (
				27B4043329D480A5004FE4A0 /* iDinePractice */,
				27B4044329D480A6004FE4A0 /* iDinePracticeTests */,
				27B4044D29D480A6004FE4A0 /* iDinePracticeUITests */,
			);
		};
/* End PBXProject section */

/* Begin PBXResourcesBuildPhase section */
		27B4043229D480A5004FE4A0 /* Resources */ = {
			isa = PBXResourcesBuildPhase;
			buildActionMask = 2147483647;
			files = (
				27B4046729D48129004FE4A0 /* menu.json in Resources */,
				27B4043F29D480A6004FE4A0 /* Preview Assets.xcassets in Resources */,
				27B4043C29D480A6004FE4A0 /* Assets.xcassets in Resources */,
			);
			runOnlyForDeploymentPostprocessing = 0;
		};
		27B4044229D480A6004FE4A0 /* Resources */ = {
			isa = PBXResourcesBuildPhase;
			buildActionMask = 2147483647;
			files = (
			);
			runOnlyForDeploymentPostprocessing = 0;
		};
		27B4044C29D480A6004FE4A0 /* Resources */ = {
			isa = PBXResourcesBuildPhase;
			buildActionMask = 2147483647;
			files = (
			);
			runOnlyForDeploymentPostprocessing = 0;
		};
/* End PBXResourcesBuildPhase section */

/* Begin PBXSourcesBuildPhase section */
		27B4043029D480A5004FE4A0 /* Sources */ = {
			isa = PBXSourcesBuildPhase;
			buildActionMask = 2147483647;
			files = (
				27B4043A29D480A5004FE4A0 /* ContentView.swift in Sources */,
				27B4043829D480A5004FE4A0 /* iDinePracticeApp.swift in Sources */,
				27B4046629D48129004FE4A0 /* Order.swift in Sources */,
				27B4046229D48114004FE4A0 /* Helper.swift in Sources */,
				27B4046829D48129004FE4A0 /* Menu.swift in Sources */,
			);
			runOnlyForDeploymentPostprocessing = 0;
		};
		27B4044029D480A6004FE4A0 /* Sources */ = {
			isa = PBXSourcesBuildPhase;
			buildActionMask = 2147483647;
			files = (
				27B4044929D480A6004FE4A0 /* iDinePracticeTests.swift in Sources */,
			);
			runOnlyForDeploymentPostprocessing = 0;
		};
		27B4044A29D480A6004FE4A0 /* Sources */ = {
			isa = PBXSourcesBuildPhase;
			buildActionMask = 2147483647;
			files = (
				27B4045329D480A6004FE4A0 /* iDinePracticeUITests.swift in Sources */,
				27B4045529D480A6004FE4A0 /* iDinePracticeUITestsLaunchTests.swift in Sources */,
			);
			runOnlyForDeploymentPostprocessing = 0;
		};
/* End PBXSourcesBuildPhase section */

/* Begin PBXTargetDependency section */
		27B4044629D480A6004FE4A0 /* PBXTargetDependency */ = {
			isa = PBXTargetDependency;
			target = 27B4043329D480A5004FE4A0 /* iDinePractice */;
			targetProxy = 27B4044529D480A6004FE4A0 /* PBXContainerItemProxy */;
		};
		27B4045029D480A6004FE4A0 /* PBXTargetDependency */ = {
			isa = PBXTargetDependency;
			target = 27B4043329D480A5004FE4A0 /* iDinePractice */;
			targetProxy = 27B4044F29D480A6004FE4A0 /* PBXContainerItemProxy */;
		};
/* End PBXTargetDependency section */

/* Begin XCBuildConfiguration section */
		27B4045629D480A6004FE4A0 /* Debug */ = {
			isa = XCBuildConfiguration;
			buildSettings = {
				ALWAYS_SEARCH_USER_PATHS = NO;
				CLANG_ANALYZER_NONNULL = YES;
				CLANG_ANALYZER_NUMBER_OBJECT_CONVERSION = YES_AGGRESSIVE;
				CLANG_CXX_LANGUAGE_STANDARD = "gnu++20";
				CLANG_ENABLE_MODULES = YES;
				CLANG_ENABLE_OBJC_ARC = YES;
				CLANG_ENABLE_OBJC_WEAK = YES;
				CLANG_WARN_BLOCK_CAPTURE_AUTORELEASING = YES;
				CLANG_WARN_BOOL_CONVERSION = YES;
				CLANG_WARN_COMMA = YES;
				CLANG_WARN_CONSTANT_CONVERSION = YES;
				CLANG_WARN_DEPRECATED_OBJC_IMPLEMENTATIONS = YES;
				CLANG_WARN_DIRECT_OBJC_ISA_USAGE = YES_ERROR;
				CLANG_WARN_DOCUMENTATION_COMMENTS = YES;
				CLANG_WARN_EMPTY_BODY = YES;
				CLANG_WARN_ENUM_CONVERSION = YES;
				CLANG_WARN_INFINITE_RECURSION = YES;
				CLANG_WARN_INT_CONVERSION = YES;
				CLANG_WARN_NON_LITERAL_NULL_CONVERSION = YES;
				CLANG_WARN_OBJC_IMPLICIT_RETAIN_SELF = YES;
				CLANG_WARN_OBJC_LITERAL_CONVERSION = YES;
				CLANG_WARN_OBJC_ROOT_CLASS = YES_ERROR;
				CLANG_WARN_QUOTED_INCLUDE_IN_FRAMEWORK_HEADER = YES;
				CLANG_WARN_RANGE_LOOP_ANALYSIS = YES;
				CLANG_WARN_STRICT_PROTOTYPES = YES;
				CLANG_WARN_SUSPICIOUS_MOVE = YES;
				CLANG_WARN_UNGUARDED_AVAILABILITY = YES_AGGRESSIVE;
				CLANG_WARN_UNREACHABLE_CODE = YES;
				CLANG_WARN__DUPLICATE_METHOD_MATCH = YES;
				COPY_PHASE_STRIP = NO;
				DEBUG_INFORMATION_FORMAT = dwarf;
				ENABLE_STRICT_OBJC_MSGSEND = YES;
				ENABLE_TESTABILITY = YES;
				GCC_C_LANGUAGE_STANDARD = gnu11;
				GCC_DYNAMIC_NO_PIC = NO;
				GCC_NO_COMMON_BLOCKS = YES;
				GCC_OPTIMIZATION_LEVEL = 0;
				GCC_PREPROCESSOR_DEFINITIONS = (
					"DEBUG=1",
					"$(inherited)",
				);
				GCC_WARN_64_TO_32_BIT_CONVERSION = YES;
				GCC_WARN_ABOUT_RETURN_TYPE = YES_ERROR;
				GCC_WARN_UNDECLARED_SELECTOR = YES;
				GCC_WARN_UNINITIALIZED_AUTOS = YES_AGGRESSIVE;
				GCC_WARN_UNUSED_FUNCTION = YES;
				GCC_WARN_UNUSED_VARIABLE = YES;
				IPHONEOS_DEPLOYMENT_TARGET = 16.2;
				MTL_ENABLE_DEBUG_INFO = INCLUDE_SOURCE;
				MTL_FAST_MATH = YES;
				ONLY_ACTIVE_ARCH = YES;
				SDKROOT = iphoneos;
				SWIFT_ACTIVE_COMPILATION_CONDITIONS = DEBUG;
				SWIFT_OPTIMIZATION_LEVEL = "-Onone";
			};
			name = Debug;
		};
		27B4045729D480A6004FE4A0 /* Release */ = {
			isa = XCBuildConfiguration;
			buildSettings = {
				ALWAYS_SEARCH_USER_PATHS = NO;
				CLANG_ANALYZER_NONNULL = YES;
				CLANG_ANALYZER_NUMBER_OBJECT_CONVERSION = YES_AGGRESSIVE;
				CLANG_CXX_LANGUAGE_STANDARD = "gnu++20";
				CLANG_ENABLE_MODULES = YES;
				CLANG_ENABLE_OBJC_ARC = YES;
				CLANG_ENABLE_OBJC_WEAK = YES;
				CLANG_WARN_BLOCK_CAPTURE_AUTORELEASING = YES;
				CLANG_WARN_BOOL_CONVERSION = YES;
				CLANG_WARN_COMMA = YES;
				CLANG_WARN_CONSTANT_CONVERSION = YES;
				CLANG_WARN_DEPRECATED_OBJC_IMPLEMENTATIONS = YES;
				CLANG_WARN_DIRECT_OBJC_ISA_USAGE = YES_ERROR;
				CLANG_WARN_DOCUMENTATION_COMMENTS = YES;
				CLANG_WARN_EMPTY_BODY = YES;
				CLANG_WARN_ENUM_CONVERSION = YES;
				CLANG_WARN_INFINITE_RECURSION = YES;
				CLANG_WARN_INT_CONVERSION = YES;
				CLANG_WARN_NON_LITERAL_NULL_CONVERSION = YES;
				CLANG_WARN_OBJC_IMPLICIT_RETAIN_SELF = YES;
				CLANG_WARN_OBJC_LITERAL_CONVERSION = YES;
				CLANG_WARN_OBJC_ROOT_CLASS = YES_ERROR;
				CLANG_WARN_QUOTED_INCLUDE_IN_FRAMEWORK_HEADER = YES;
				CLANG_WARN_RANGE_LOOP_ANALYSIS = YES;
				CLANG_WARN_STRICT_PROTOTYPES = YES;
				CLANG_WARN_SUSPICIOUS_MOVE = YES;
				CLANG_WARN_UNGUARDED_AVAILABILITY = YES_AGGRESSIVE;
				CLANG_WARN_UNREACHABLE_CODE = YES;
				CLANG_WARN__DUPLICATE_METHOD_MATCH = YES;
				COPY_PHASE_STRIP = NO;
				DEBUG_INFORMATION_FORMAT = "dwarf-with-dsym";
				ENABLE_NS_ASSERTIONS = NO;
				ENABLE_STRICT_OBJC_MSGSEND = YES;
				GCC_C_LANGUAGE_STANDARD = gnu11;
				GCC_NO_COMMON_BLOCKS = YES;
				GCC_WARN_64_TO_32_BIT_CONVERSION = YES;
				GCC_WARN_ABOUT_RETURN_TYPE = YES_ERROR;
				GCC_WARN_UNDECLARED_SELECTOR = YES;
				GCC_WARN_UNINITIALIZED_AUTOS = YES_AGGRESSIVE;
				GCC_WARN_UNUSED_FUNCTION = YES;
				GCC_WARN_UNUSED_VARIABLE = YES;
				IPHONEOS_DEPLOYMENT_TARGET = 16.2;
				MTL_ENABLE_DEBUG_INFO = NO;
				MTL_FAST_MATH = YES;
				SDKROOT = iphoneos;
				SWIFT_COMPILATION_MODE = wholemodule;
				SWIFT_OPTIMIZATION_LEVEL = "-O";
				VALIDATE_PRODUCT = YES;
			};
			name = Release;
		};
		27B4045929D480A6004FE4A0 /* Debug */ = {
			isa = XCBuildConfiguration;
			buildSettings = {
				ASSETCATALOG_COMPILER_APPICON_NAME = AppIcon;
				ASSETCATALOG_COMPILER_GLOBAL_ACCENT_COLOR_NAME = AccentColor;
				CODE_SIGN_STYLE = Automatic;
				CURRENT_PROJECT_VERSION = 1;
				DEVELOPMENT_ASSET_PATHS = "\"iDinePractice/Preview Content\"";
				DEVELOPMENT_TEAM = WA6Z8H4MD6;
				ENABLE_PREVIEWS = YES;
				GENERATE_INFOPLIST_FILE = YES;
				INFOPLIST_KEY_UIApplicationSceneManifest_Generation = YES;
				INFOPLIST_KEY_UIApplicationSupportsIndirectInputEvents = YES;
				INFOPLIST_KEY_UILaunchScreen_Generation = YES;
				INFOPLIST_KEY_UISupportedInterfaceOrientations_iPad = "UIInterfaceOrientationPortrait UIInterfaceOrientationPortraitUpsideDown UIInterfaceOrientationLandscapeLeft UIInterfaceOrientationLandscapeRight";
				INFOPLIST_KEY_UISupportedInterfaceOrientations_iPhone = "UIInterfaceOrientationPortrait UIInterfaceOrientationLandscapeLeft UIInterfaceOrientationLandscapeRight";
				LD_RUNPATH_SEARCH_PATHS = (
					"$(inherited)",
					"@executable_path/Frameworks",
				);
				MARKETING_VERSION = 1.0;
				PRODUCT_BUNDLE_IDENTIFIER = com.buddyproductions.iDinePractice;
				PRODUCT_NAME = "$(TARGET_NAME)";
				SWIFT_EMIT_LOC_STRINGS = YES;
				SWIFT_VERSION = 5.0;
				TARGETED_DEVICE_FAMILY = "1,2";
			};
			name = Debug;
		};
		27B4045A29D480A6004FE4A0 /* Release */ = {
			isa = XCBuildConfiguration;
			buildSettings = {
				ASSETCATALOG_COMPILER_APPICON_NAME = AppIcon;
				ASSETCATALOG_COMPILER_GLOBAL_ACCENT_COLOR_NAME = AccentColor;
				CODE_SIGN_STYLE = Automatic;
				CURRENT_PROJECT_VERSION = 1;
				DEVELOPMENT_ASSET_PATHS = "\"iDinePractice/Preview Content\"";
				DEVELOPMENT_TEAM = WA6Z8H4MD6;
				ENABLE_PREVIEWS = YES;
				GENERATE_INFOPLIST_FILE = YES;
				INFOPLIST_KEY_UIApplicationSceneManifest_Generation = YES;
				INFOPLIST_KEY_UIApplicationSupportsIndirectInputEvents = YES;
				INFOPLIST_KEY_UILaunchScreen_Generation = YES;
				INFOPLIST_KEY_UISupportedInterfaceOrientations_iPad = "UIInterfaceOrientationPortrait UIInterfaceOrientationPortraitUpsideDown UIInterfaceOrientationLandscapeLeft UIInterfaceOrientationLandscapeRight";
				INFOPLIST_KEY_UISupportedInterfaceOrientations_iPhone = "UIInterfaceOrientationPortrait UIInterfaceOrientationLandscapeLeft UIInterfaceOrientationLandscapeRight";
				LD_RUNPATH_SEARCH_PATHS = (
					"$(inherited)",
					"@executable_path/Frameworks",
				);
				MARKETING_VERSION = 1.0;
				PRODUCT_BUNDLE_IDENTIFIER = com.buddyproductions.iDinePractice;
				PRODUCT_NAME = "$(TARGET_NAME)";
				SWIFT_EMIT_LOC_STRINGS = YES;
				SWIFT_VERSION = 5.0;
				TARGETED_DEVICE_FAMILY = "1,2";
			};
			name = Release;
		};
		27B4045C29D480A6004FE4A0 /* Debug */ = {
			isa = XCBuildConfiguration;
			buildSettings = {
				ALWAYS_EMBED_SWIFT_STANDARD_LIBRARIES = YES;
				BUNDLE_LOADER = "$(TEST_HOST)";
				CODE_SIGN_STYLE = Automatic;
				CURRENT_PROJECT_VERSION = 1;
				DEVELOPMENT_TEAM = WA6Z8H4MD6;
				GENERATE_INFOPLIST_FILE = YES;
				IPHONEOS_DEPLOYMENT_TARGET = 16.2;
				MARKETING_VERSION = 1.0;
				PRODUCT_BUNDLE_IDENTIFIER = com.buddyproductions.iDinePracticeTests;
				PRODUCT_NAME = "$(TARGET_NAME)";
				SWIFT_EMIT_LOC_STRINGS = NO;
				SWIFT_VERSION = 5.0;
				TARGETED_DEVICE_FAMILY = "1,2";
				TEST_HOST = "$(BUILT_PRODUCTS_DIR)/iDinePractice.app/$(BUNDLE_EXECUTABLE_FOLDER_PATH)/iDinePractice";
			};
			name = Debug;
		};
		27B4045D29D480A6004FE4A0 /* Release */ = {
			isa = XCBuildConfiguration;
			buildSettings = {
				ALWAYS_EMBED_SWIFT_STANDARD_LIBRARIES = YES;
				BUNDLE_LOADER = "$(TEST_HOST)";
				CODE_SIGN_STYLE = Automatic;
				CURRENT_PROJECT_VERSION = 1;
				DEVELOPMENT_TEAM = WA6Z8H4MD6;
				GENERATE_INFOPLIST_FILE = YES;
				IPHONEOS_DEPLOYMENT_TARGET = 16.2;
				MARKETING_VERSION = 1.0;
				PRODUCT_BUNDLE_IDENTIFIER = com.buddyproductions.iDinePracticeTests;
				PRODUCT_NAME = "$(TARGET_NAME)";
				SWIFT_EMIT_LOC_STRINGS = NO;
				SWIFT_VERSION = 5.0;
				TARGETED_DEVICE_FAMILY = "1,2";
				TEST_HOST = "$(BUILT_PRODUCTS_DIR)/iDinePractice.app/$(BUNDLE_EXECUTABLE_FOLDER_PATH)/iDinePractice";
			};
			name = Release;
		};
		27B4045F29D480A6004FE4A0 /* Debug */ = {
			isa = XCBuildConfiguration;
			buildSettings = {
				ALWAYS_EMBED_SWIFT_STANDARD_LIBRARIES = YES;
				CODE_SIGN_STYLE = Automatic;
				CURRENT_PROJECT_VERSION = 1;
				DEVELOPMENT_TEAM = WA6Z8H4MD6;
				GENERATE_INFOPLIST_FILE = YES;
				MARKETING_VERSION = 1.0;
				PRODUCT_BUNDLE_IDENTIFIER = com.buddyproductions.iDinePracticeUITests;
				PRODUCT_NAME = "$(TARGET_NAME)";
				SWIFT_EMIT_LOC_STRINGS = NO;
				SWIFT_VERSION = 5.0;
				TARGETED_DEVICE_FAMILY = "1,2";
				TEST_TARGET_NAME = iDinePractice;
			};
			name = Debug;
		};
		27B4046029D480A6004FE4A0 /* Release */ = {
			isa = XCBuildConfiguration;
			buildSettings = {
				ALWAYS_EMBED_SWIFT_STANDARD_LIBRARIES = YES;
				CODE_SIGN_STYLE = Automatic;
				CURRENT_PROJECT_VERSION = 1;
				DEVELOPMENT_TEAM = WA6Z8H4MD6;
				GENERATE_INFOPLIST_FILE = YES;
				MARKETING_VERSION = 1.0;
				PRODUCT_BUNDLE_IDENTIFIER = com.buddyproductions.iDinePracticeUITests;
				PRODUCT_NAME = "$(TARGET_NAME)";
				SWIFT_EMIT_LOC_STRINGS = NO;
				SWIFT_VERSION = 5.0;
				TARGETED_DEVICE_FAMILY = "1,2";
				TEST_TARGET_NAME = iDinePractice;
			};
			name = Release;
		};
/* End XCBuildConfiguration section */

/* Begin XCConfigurationList section */
		27B4042F29D480A5004FE4A0 /* Build configuration list for PBXProject "iDinePractice" */ = {
			isa = XCConfigurationList;
			buildConfigurations = (
				27B4045629D480A6004FE4A0 /* Debug */,
				27B4045729D480A6004FE4A0 /* Release */,
			);
			defaultConfigurationIsVisible = 0;
			defaultConfigurationName = Release;
		};
		27B4045829D480A6004FE4A0 /* Build configuration list for PBXNativeTarget "iDinePractice" */ = {
			isa = XCConfigurationList;
			buildConfigurations = (
				27B4045929D480A6004FE4A0 /* Debug */,
				27B4045A29D480A6004FE4A0 /* Release */,
			);
			defaultConfigurationIsVisible = 0;
			defaultConfigurationName = Release;
		};
		27B4045B29D480A6004FE4A0 /* Build configuration list for PBXNativeTarget "iDinePracticeTests" */ = {
			isa = XCConfigurationList;
			buildConfigurations = (
				27B4045C29D480A6004FE4A0 /* Debug */,
				27B4045D29D480A6004FE4A0 /* Release */,
			);
			defaultConfigurationIsVisible = 0;
			defaultConfigurationName = Release;
		};
		27B4045E29D480A6004FE4A0 /* Build configuration list for PBXNativeTarget "iDinePracticeUITests" */ = {
			isa = XCConfigurationList;
			buildConfigurations = (
				27B4045F29D480A6004FE4A0 /* Debug */,
				27B4046029D480A6004FE4A0 /* Release */,
			);
			defaultConfigurationIsVisible = 0;
			defaultConfigurationName = Release;
		};
/* End XCConfigurationList section */
	};
	rootObject = 27B4042C29D480A5004FE4A0 /* Project object */;
}
